github.com/hinst/go-gophers v0.1.24 h1:Ns9z2FVzbxpStuofrqUBDhI5j6feHjTuo0WLxd8UDxE=
github.com/hinst/go-gophers v0.1.24/go.mod h1:+ghebKpCeLzjuAueEDwtyASZYYaH2emaY90D5Mrpp0Q=
golang.org/x/text v0.37.0 h1:Cqjiwd9eSg8e0QAkyCaQTNHFIIzWtidPahFWR83rTrc=
golang.org/x/text v0.37.0/go.mod h1:a5sjxXGs9hsn/AJVwuElvCAo9v8QYLzvavO5z2PiM38=
